<?xml version="1.0" encoding="UTF-8" standalone="yes" ?>
<CodeBlocks_project_file>
	<FileVersion major="1" minor="6" />
	<Project>
		<Option title="ALSDD_TP1" />
		<Option pch_mode="2" />
		<Option compiler="gcc" />
		<Build>
			<Target title="Debug">
				<Option output="bin/Debug/ALSDD_TP1" prefix_auto="1" extension_auto="1" />
				<Option object_output="obj/Debug/" />
				<Option type="1" />
				<Option compiler="gcc" />
				<Compiler>
					<Add option="-g" />
				</Compiler>
				<Linker>
					<Add library="C:/Program Files (x86)/CodeBlocks/MinGW/x86_64-w64-mingw32/lib/libgdi32.a" />
				</Linker>
			</Target>
			<Target title="Release">
				<Option output="bin/Release/ALSDD_TP1" prefix_auto="1" extension_auto="1" />
				<Option object_output="obj/Release/" />
				<Option type="1" />
				<Option compiler="gcc" />
				<Compiler>
					<Add option="-O2" />
				</Compiler>
				<Linker>
					<Add option="-s" />
				</Linker>
			</Target>
		</Build>
		<Compiler>
			<Add option="-Wall" />
		</Compiler>
		<Unit filename="ALSDD_TP1_LLC_modele.h" />
		<Unit filename="ALSDD_TP1_LLC_parcours.h" />
		<Unit filename="ALSDD_TP1_initialisation.h" />
		<Unit filename="ALSDD_TP1_insert_supp.h" />
		<Unit filename="ALSDD_TP1_sauvegarde.h" />
		<Unit filename="ALSDD_TP1_tri_interclass.h" />
		<Unit filename="main.c">
			<Option compilerVar="CC" />
		</Unit>
		<Extensions>
			<lib_finder disable_auto="1" />
		</Extensions>
	</Project>
</CodeBlocks_project_file>
